<?xml version="1.0" encoding="utf-8"?>
<Project ToolsVersion="4.0" xmlns="http://schemas.microsoft.com/developer/msbuild/2003">
  <ItemGroup>
    <Filter Include="Fichiers sources">
      <UniqueIdentifier>{4FC737F1-C7A5-4376-A066-2A32D752A2FF}</UniqueIdentifier>
      <Extensions>cpp;c;cc;cxx;c++;cppm;ixx;def;odl;idl;hpj;bat;asm;asmx</Extensions>
    </Filter>
    <Filter Include="Fichiers d%27en-tête">
      <UniqueIdentifier>{93995380-89BD-4b04-88EB-625FBE52EBFB}</UniqueIdentifier>
      <Extensions>h;hh;hpp;hxx;h++;hm;inl;inc;ipp;xsd</Extensions>
    </Filter>
    <Filter Include="Fichiers de ressources">
      <UniqueIdentifier>{67DA6AB6-F800-4c08-8B7A-83BB121AAD01}</UniqueIdentifier>
      <Extensions>rc;ico;cur;bmp;dlg;rc2;rct;bin;rgs;gif;jpg;jpeg;jpe;resx;tiff;tif;png;wav;mfcribbon-ms</Extensions>
    </Filter>
  </ItemGroup>
  <ItemGroup>
    <ClCompile Include="Engine\Core\Application\Application.cpp">
      <Filter>Fichiers sources</Filter>
    </ClCompile>
    <ClCompile Include="Engine\Core\Camera\CameraController.cpp">
      <Filter>Fichiers sources</Filter>
    </ClCompile>
    <ClCompile Include="Engine\ImGui\ImGuiLayer.cpp">
      <Filter>Fichiers sources</Filter>
    </ClCompile>
    <ClCompile Include="Engine\Core\OpenGl\Renderer\Renderer.cpp">
      <Filter>Fichiers sources</Filter>
    </ClCompile>
    <ClCompile Include="Engine\Core\OpenGl\Renderer\RendererApi.cpp">
      <Filter>Fichiers sources</Filter>
    </ClCompile>
    <ClCompile Include="Engine\Core\OpenGl\Shader\Shader.cpp">
      <Filter>Fichiers sources</Filter>
    </ClCompile>
    <ClCompile Include="Engine\Core\OpenGl\Texture\Texture.cpp">
      <Filter>Fichiers sources</Filter>
    </ClCompile>
    <ClCompile Include="Engine\Core\Window\Window.cpp">
      <Filter>Fichiers sources</Filter>
    </ClCompile>
    <ClCompile Include="main.cpp">
      <Filter>Fichiers sources</Filter>
    </ClCompile>
    <ClCompile Include="Engine\Core\Log\Log.cpp">
      <Filter>Fichiers sources</Filter>
    </ClCompile>
    <ClCompile Include="Engine\Vendor\Optick\src\optick_capi.cpp">
      <Filter>Fichiers sources</Filter>
    </ClCompile>
    <ClCompile Include="Engine\Vendor\Optick\src\optick_core.cpp">
      <Filter>Fichiers sources</Filter>
    </ClCompile>
    <ClCompile Include="Engine\Vendor\Optick\src\optick_gpu.cpp">
      <Filter>Fichiers sources</Filter>
    </ClCompile>
    <ClCompile Include="Engine\Vendor\Optick\src\optick_gpu.d3d12.cpp">
      <Filter>Fichiers sources</Filter>
    </ClCompile>
    <ClCompile Include="Engine\Vendor\Optick\src\optick_gpu.vulkan.cpp">
      <Filter>Fichiers sources</Filter>
    </ClCompile>
    <ClCompile Include="Engine\Vendor\Optick\src\optick_message.cpp">
      <Filter>Fichiers sources</Filter>
    </ClCompile>
    <ClCompile Include="Engine\Vendor\Optick\src\optick_miniz.cpp">
      <Filter>Fichiers sources</Filter>
    </ClCompile>
    <ClCompile Include="Engine\Vendor\Optick\src\optick_serialization.cpp">
      <Filter>Fichiers sources</Filter>
    </ClCompile>
    <ClCompile Include="Engine\Vendor\Optick\src\optick_server.cpp">
      <Filter>Fichiers sources</Filter>
    </ClCompile>
    <ClCompile Include="Game\TerrainGenerator.cpp">
      <Filter>Fichiers sources</Filter>
    </ClCompile>
    <ClCompile Include="Engine\Utils\MapRange.h">
      <Filter>Fichiers sources</Filter>
    </ClCompile>
    <ClCompile Include="Game\UiLayer.h">
      <Filter>Fichiers sources</Filter>
    </ClCompile>
    <ClCompile Include="Engine\Core\Camera\Camera.cpp">
      <Filter>Fichiers sources</Filter>
    </ClCompile>
    <ClCompile Include="Game\World\World.cpp">
      <Filter>Fichiers sources</Filter>
    </ClCompile>
  </ItemGroup>
  <ItemGroup>
    <ClInclude Include="Engine\Core\Application\Application.h">
      <Filter>Fichiers d%27en-tête</Filter>
    </ClInclude>
    <ClInclude Include="Engine\Core\Camera\Camera.h">
      <Filter>Fichiers d%27en-tête</Filter>
    </ClInclude>
    <ClInclude Include="Engine\Core\Camera\CameraController.h">
      <Filter>Fichiers d%27en-tête</Filter>
    </ClInclude>
    <ClInclude Include="Engine\Core\Event\Event.h">
      <Filter>Fichiers d%27en-tête</Filter>
    </ClInclude>
    <ClInclude Include="Engine\Core\Event\KeyEvent.h">
      <Filter>Fichiers d%27en-tête</Filter>
    </ClInclude>
    <ClInclude Include="Engine\Core\Event\MouseEvent.h">
      <Filter>Fichiers d%27en-tête</Filter>
    </ClInclude>
    <ClInclude Include="Engine\Core\Event\WindowEvent.h">
      <Filter>Fichiers d%27en-tête</Filter>
    </ClInclude>
    <ClInclude Include="Engine\ImGui\ImGuiLayer.h">
      <Filter>Fichiers d%27en-tête</Filter>
    </ClInclude>
    <ClInclude Include="Engine\Core\Layer\Layer.h">
      <Filter>Fichiers d%27en-tête</Filter>
    </ClInclude>
    <ClInclude Include="Engine\Core\Layer\LayerStack.h">
      <Filter>Fichiers d%27en-tête</Filter>
    </ClInclude>
    <ClInclude Include="Engine\Core\OpenGl\Buffer\Buffer.h">
      <Filter>Fichiers d%27en-tête</Filter>
    </ClInclude>
    <ClInclude Include="Engine\Core\OpenGl\Buffer\IndexBuffer.h">
      <Filter>Fichiers d%27en-tête</Filter>
    </ClInclude>
    <ClInclude Include="Engine\Core\OpenGl\Buffer\UniformBuffer.h">
      <Filter>Fichiers d%27en-tête</Filter>
    </ClInclude>
    <ClInclude Include="Engine\Core\OpenGl\Buffer\VertexArray.h">
      <Filter>Fichiers d%27en-tête</Filter>
    </ClInclude>
    <ClInclude Include="Engine\Core\OpenGl\Buffer\VertexBuffer.h">
      <Filter>Fichiers d%27en-tête</Filter>
    </ClInclude>
    <ClInclude Include="Engine\Core\OpenGl\Renderer\Renderer.h">
      <Filter>Fichiers d%27en-tête</Filter>
    </ClInclude>
    <ClInclude Include="Engine\Core\OpenGl\Renderer\RendererApi.h">
      <Filter>Fichiers d%27en-tête</Filter>
    </ClInclude>
    <ClInclude Include="Engine\Core\OpenGl\Shader\Shader.h">
      <Filter>Fichiers d%27en-tête</Filter>
    </ClInclude>
    <ClInclude Include="Engine\Core\OpenGl\Texture\Texture.h">
      <Filter>Fichiers d%27en-tête</Filter>
    </ClInclude>
    <ClInclude Include="Engine\Utils\Factory.h">
      <Filter>Fichiers d%27en-tête</Filter>
    </ClInclude>
    <ClInclude Include="Engine\Utils\Typelist.h">
      <Filter>Fichiers d%27en-tête</Filter>
    </ClInclude>
    <ClInclude Include="Engine\Core\Window\Input.h">
      <Filter>Fichiers d%27en-tête</Filter>
    </ClInclude>
    <ClInclude Include="Engine\Core\Window\Window.h">
      <Filter>Fichiers d%27en-tête</Filter>
    </ClInclude>
    <ClInclude Include="Engine\Core\Log\Log.h">
      <Filter>Fichiers d%27en-tête</Filter>
    </ClInclude>
    <ClInclude Include="Engine\Debug\Instrumentor.h">
      <Filter>Fichiers d%27en-tête</Filter>
    </ClInclude>
    <ClInclude Include="Engine\Vendor\Optick\src\optick.config.h">
      <Filter>Fichiers d%27en-tête</Filter>
    </ClInclude>
    <ClInclude Include="Engine\Vendor\Optick\src\optick.h">
      <Filter>Fichiers d%27en-tête</Filter>
    </ClInclude>
    <ClInclude Include="Engine\Vendor\Optick\src\optick_capi.h">
      <Filter>Fichiers d%27en-tête</Filter>
    </ClInclude>
    <ClInclude Include="Engine\Vendor\Optick\src\optick_common.h">
      <Filter>Fichiers d%27en-tête</Filter>
    </ClInclude>
    <ClInclude Include="Engine\Vendor\Optick\src\optick_core.freebsd.h">
      <Filter>Fichiers d%27en-tête</Filter>
    </ClInclude>
    <ClInclude Include="Engine\Vendor\Optick\src\optick_core.h">
      <Filter>Fichiers d%27en-tête</Filter>
    </ClInclude>
    <ClInclude Include="Engine\Vendor\Optick\src\optick_core.linux.h">
      <Filter>Fichiers d%27en-tête</Filter>
    </ClInclude>
    <ClInclude Include="Engine\Vendor\Optick\src\optick_core.macos.h">
      <Filter>Fichiers d%27en-tête</Filter>
    </ClInclude>
    <ClInclude Include="Engine\Vendor\Optick\src\optick_core.platform.h">
      <Filter>Fichiers d%27en-tête</Filter>
    </ClInclude>
    <ClInclude Include="Engine\Vendor\Optick\src\optick_core.win.h">
      <Filter>Fichiers d%27en-tête</Filter>
    </ClInclude>
    <ClInclude Include="Engine\Vendor\Optick\src\optick_gpu.h">
      <Filter>Fichiers d%27en-tête</Filter>
    </ClInclude>
    <ClInclude Include="Engine\Vendor\Optick\src\optick_memory.h">
      <Filter>Fichiers d%27en-tête</Filter>
    </ClInclude>
    <ClInclude Include="Engine\Vendor\Optick\src\optick_message.h">
      <Filter>Fichiers d%27en-tête</Filter>
    </ClInclude>
    <ClInclude Include="Engine\Vendor\Optick\src\optick_miniz.h">
      <Filter>Fichiers d%27en-tête</Filter>
    </ClInclude>
    <ClInclude Include="Engine\Vendor\Optick\src\optick_serialization.h">
      <Filter>Fichiers d%27en-tête</Filter>
    </ClInclude>
    <ClInclude Include="Engine\Vendor\Optick\src\optick_server.h">
      <Filter>Fichiers d%27en-tête</Filter>
    </ClInclude>
    <ClInclude Include="Game\TerrainGenerator.h">
      <Filter>Fichiers d%27en-tête</Filter>
    </ClInclude>
    <ClInclude Include="Game\Chunk.h">
      <Filter>Fichiers d%27en-tête</Filter>
    </ClInclude>
    <ClInclude Include="Game\HeightMap.h">
      <Filter>Fichiers d%27en-tête</Filter>
    </ClInclude>
    <ClInclude Include="Engine\Core\Event\DataEvent.h">
      <Filter>Fichiers d%27en-tête</Filter>
    </ClInclude>
    <ClInclude Include="Game\MainLayer.h">
      <Filter>Fichiers d%27en-tête</Filter>
    </ClInclude>
    <ClInclude Include="Game\World\World.h">
      <Filter>Fichiers d%27en-tête</Filter>
    </ClInclude>
  </ItemGroup>
  <ItemGroup>
    <None Include="imgui.ini" />
    <None Include="assets\shaders\fragmentShader.glsl" />
    <None Include="assets\shaders\vertexShader.glsl" />
    <None Include="assets\shaders\Map\fragmentShader.glsl" />
    <None Include="assets\shaders\Map\vertexShader.glsl" />
  </ItemGroup>
  <ItemGroup>
    <CopyFileToFolders Include="Game\Vendor\FastNoise2\bin\FastNoise.dll">
      <Filter>Fichiers de ressources</Filter>
    </CopyFileToFolders>
    <CopyFileToFolders Include="Game\Vendor\FastNoise2\bin\FastNoiseD.dll">
      <Filter>Fichiers de ressources</Filter>
    </CopyFileToFolders>
  </ItemGroup>
  <ItemGroup>
    <Font Include="assets\fonts\OpenSans-Bold.ttf" />
    <Font Include="assets\fonts\OpenSans-BoldItalic.ttf" />
    <Font Include="assets\fonts\OpenSans-ExtraBold.ttf" />
    <Font Include="assets\fonts\OpenSans-ExtraBoldItalic.ttf" />
    <Font Include="assets\fonts\OpenSans-Italic.ttf" />
    <Font Include="assets\fonts\OpenSans-Light.ttf" />
    <Font Include="assets\fonts\OpenSans-LightItalic.ttf" />
    <Font Include="assets\fonts\OpenSans-Regular.ttf" />
    <Font Include="assets\fonts\OpenSans-SemiBold.ttf" />
    <Font Include="assets\fonts\OpenSans-SemiBoldItalic.ttf" />
  </ItemGroup>
  <ItemGroup>
    <Image Include="assets\textures\Grass.jpg">
      <Filter>Fichiers de ressources</Filter>
    </Image>
    <Image Include="assets\textures\Neige.png">
      <Filter>Fichiers de ressources</Filter>
    </Image>
    <Image Include="assets\textures\Rock.jpg">
      <Filter>Fichiers de ressources</Filter>
    </Image>
    <Image Include="assets\textures\sand.bmp">
      <Filter>Fichiers de ressources</Filter>
    </Image>
    <Image Include="assets\textures\texture.jpg">
      <Filter>Fichiers de ressources</Filter>
    </Image>
  </ItemGroup>
</Project>